
Microsoft Visual Studio Solution File, Format Version 12.00
# Visual Studio Version 17
VisualStudioVersion = 17.9.34728.123
MinimumVisualStudioVersion = 10.0.40219.1
Project("{FAE04EC0-301F-11D3-BF4B-00C04F79EFBC}") = "OpenWeather.Api", "OpenWeather.Api\OpenWeather.Api.csproj", "{0D994237-645D-4F4E-B694-25BDDBF43FAE}"
EndProject
Project("{2150E333-8FDC-42A3-9474-1A3956D46DE8}") = "1. Api", "1. Api", "{2EA8F763-839A-4530-9393-14C4DC617EBF}"
EndProject
Project("{2150E333-8FDC-42A3-9474-1A3956D46DE8}") = "2. Application", "2. Application", "{D3F421B0-9657-4D89-91CF-8B046075897D}"
EndProject
Project("{2150E333-8FDC-42A3-9474-1A3956D46DE8}") = "3. Domain", "3. Domain", "{786E9C32-CD23-480A-B30B-17928362C118}"
EndProject
Project("{2150E333-8FDC-42A3-9474-1A3956D46DE8}") = "4. Infra", "4. Infra", "{AEF562DD-3707-4AAC-A365-289C909CE99E}"
EndProject
Project("{2150E333-8FDC-42A3-9474-1A3956D46DE8}") = "4.1. Data", "4.1. Data", "{2339B8D7-1DCE-4FE7-8493-D5171B1E1970}"
EndProject
Project("{2150E333-8FDC-42A3-9474-1A3956D46DE8}") = "4.2. IoC", "4.2. IoC", "{F12850AA-79D1-4185-8617-9756452F397A}"
EndProject
Project("{2150E333-8FDC-42A3-9474-1A3956D46DE8}") = "4.3. ExternalServices", "4.3. ExternalServices", "{768AAFD0-4C1E-4376-A39A-B79AA0006A7C}"
EndProject
Project("{2150E333-8FDC-42A3-9474-1A3956D46DE8}") = "5. Tests", "5. Tests", "{67DBF401-2A0F-4107-BD1C-2A44B34D2614}"
EndProject
Project("{FAE04EC0-301F-11D3-BF4B-00C04F79EFBC}") = "OpenWeather.Application", "OpenWeather.Application\OpenWeather.Application.csproj", "{2CCE1D72-1E03-461D-9AD1-BB3FB330A012}"
EndProject
Project("{FAE04EC0-301F-11D3-BF4B-00C04F79EFBC}") = "OpenWeather.Domain", "OpenWeather.Domain\OpenWeather.Domain.csproj", "{4D1CD0F2-B802-4967-B0F8-C7AA8C2C6311}"
EndProject
Project("{FAE04EC0-301F-11D3-BF4B-00C04F79EFBC}") = "OpenWeather.Infra.Data", "OpenWeather.Infra.Data\OpenWeather.Infra.Data.csproj", "{E1D83DD1-0DDE-427F-877C-54484E8E5D96}"
EndProject
Project("{FAE04EC0-301F-11D3-BF4B-00C04F79EFBC}") = "OpenWeather.Infra.IoC", "OpenWeather.Infra.IoC\OpenWeather.Infra.IoC.csproj", "{16908614-4055-4460-808A-B480772C11B1}"
EndProject
Project("{FAE04EC0-301F-11D3-BF4B-00C04F79EFBC}") = "OpenWeather.Infra.ExternalServices", "OpenWeather.Infra.ExternalServices\OpenWeather.Infra.ExternalServices.csproj", "{B1759B83-8FF0-49DF-AAE4-53EE7F66549C}"
EndProject
Project("{FAE04EC0-301F-11D3-BF4B-00C04F79EFBC}") = "OpenWeather.Tests", "OpenWeather.Tests\OpenWeather.Tests.csproj", "{D870BDC9-DC81-44D0-96A0-E73A8566E35B}"
EndProject
Project("{E53339B2-1760-4266-BCC7-CA923CBCF16C}") = "docker-compose", "docker-compose.dcproj", "{D1A2CA93-EBBB-456E-BFCF-CFE97DEA666A}"
EndProject
Global
	GlobalSection(SolutionConfigurationPlatforms) = preSolution
		Debug|Any CPU = Debug|Any CPU
		Release|Any CPU = Release|Any CPU
	EndGlobalSection
	GlobalSection(ProjectConfigurationPlatforms) = postSolution
		{0D994237-645D-4F4E-B694-25BDDBF43FAE}.Debug|Any CPU.ActiveCfg = Debug|Any CPU
		{0D994237-645D-4F4E-B694-25BDDBF43FAE}.Debug|Any CPU.Build.0 = Debug|Any CPU
		{0D994237-645D-4F4E-B694-25BDDBF43FAE}.Release|Any CPU.ActiveCfg = Release|Any CPU
		{0D994237-645D-4F4E-B694-25BDDBF43FAE}.Release|Any CPU.Build.0 = Release|Any CPU
		{2CCE1D72-1E03-461D-9AD1-BB3FB330A012}.Debug|Any CPU.ActiveCfg = Debug|Any CPU
		{2CCE1D72-1E03-461D-9AD1-BB3FB330A012}.Debug|Any CPU.Build.0 = Debug|Any CPU
		{2CCE1D72-1E03-461D-9AD1-BB3FB330A012}.Release|Any CPU.ActiveCfg = Release|Any CPU
		{2CCE1D72-1E03-461D-9AD1-BB3FB330A012}.Release|Any CPU.Build.0 = Release|Any CPU
		{4D1CD0F2-B802-4967-B0F8-C7AA8C2C6311}.Debug|Any CPU.ActiveCfg = Debug|Any CPU
		{4D1CD0F2-B802-4967-B0F8-C7AA8C2C6311}.Debug|Any CPU.Build.0 = Debug|Any CPU
		{4D1CD0F2-B802-4967-B0F8-C7AA8C2C6311}.Release|Any CPU.ActiveCfg = Release|Any CPU
		{4D1CD0F2-B802-4967-B0F8-C7AA8C2C6311}.Release|Any CPU.Build.0 = Release|Any CPU
		{E1D83DD1-0DDE-427F-877C-54484E8E5D96}.Debug|Any CPU.ActiveCfg = Debug|Any CPU
		{E1D83DD1-0DDE-427F-877C-54484E8E5D96}.Debug|Any CPU.Build.0 = Debug|Any CPU
		{E1D83DD1-0DDE-427F-877C-54484E8E5D96}.Release|Any CPU.ActiveCfg = Release|Any CPU
		{E1D83DD1-0DDE-427F-877C-54484E8E5D96}.Release|Any CPU.Build.0 = Release|Any CPU
		{16908614-4055-4460-808A-B480772C11B1}.Debug|Any CPU.ActiveCfg = Debug|Any CPU
		{16908614-4055-4460-808A-B480772C11B1}.Debug|Any CPU.Build.0 = Debug|Any CPU
		{16908614-4055-4460-808A-B480772C11B1}.Release|Any CPU.ActiveCfg = Release|Any CPU
		{16908614-4055-4460-808A-B480772C11B1}.Release|Any CPU.Build.0 = Release|Any CPU
		{B1759B83-8FF0-49DF-AAE4-53EE7F66549C}.Debug|Any CPU.ActiveCfg = Debug|Any CPU
		{B1759B83-8FF0-49DF-AAE4-53EE7F66549C}.Debug|Any CPU.Build.0 = Debug|Any CPU
		{B1759B83-8FF0-49DF-AAE4-53EE7F66549C}.Release|Any CPU.ActiveCfg = Release|Any CPU
		{B1759B83-8FF0-49DF-AAE4-53EE7F66549C}.Release|Any CPU.Build.0 = Release|Any CPU
		{D870BDC9-DC81-44D0-96A0-E73A8566E35B}.Debug|Any CPU.ActiveCfg = Debug|Any CPU
		{D870BDC9-DC81-44D0-96A0-E73A8566E35B}.Debug|Any CPU.Build.0 = Debug|Any CPU
		{D870BDC9-DC81-44D0-96A0-E73A8566E35B}.Release|Any CPU.ActiveCfg = Release|Any CPU
		{D870BDC9-DC81-44D0-96A0-E73A8566E35B}.Release|Any CPU.Build.0 = Release|Any CPU
		{D1A2CA93-EBBB-456E-BFCF-CFE97DEA666A}.Debug|Any CPU.ActiveCfg = Debug|Any CPU
		{D1A2CA93-EBBB-456E-BFCF-CFE97DEA666A}.Debug|Any CPU.Build.0 = Debug|Any CPU
		{D1A2CA93-EBBB-456E-BFCF-CFE97DEA666A}.Release|Any CPU.ActiveCfg = Release|Any CPU
		{D1A2CA93-EBBB-456E-BFCF-CFE97DEA666A}.Release|Any CPU.Build.0 = Release|Any CPU
	EndGlobalSection
	GlobalSection(SolutionProperties) = preSolution
		HideSolutionNode = FALSE
	EndGlobalSection
	GlobalSection(NestedProjects) = preSolution
		{0D994237-645D-4F4E-B694-25BDDBF43FAE} = {2EA8F763-839A-4530-9393-14C4DC617EBF}
		{2339B8D7-1DCE-4FE7-8493-D5171B1E1970} = {AEF562DD-3707-4AAC-A365-289C909CE99E}
		{F12850AA-79D1-4185-8617-9756452F397A} = {AEF562DD-3707-4AAC-A365-289C909CE99E}
		{768AAFD0-4C1E-4376-A39A-B79AA0006A7C} = {AEF562DD-3707-4AAC-A365-289C909CE99E}
		{2CCE1D72-1E03-461D-9AD1-BB3FB330A012} = {D3F421B0-9657-4D89-91CF-8B046075897D}
		{4D1CD0F2-B802-4967-B0F8-C7AA8C2C6311} = {786E9C32-CD23-480A-B30B-17928362C118}
		{E1D83DD1-0DDE-427F-877C-54484E8E5D96} = {2339B8D7-1DCE-4FE7-8493-D5171B1E1970}
		{16908614-4055-4460-808A-B480772C11B1} = {F12850AA-79D1-4185-8617-9756452F397A}
		{B1759B83-8FF0-49DF-AAE4-53EE7F66549C} = {768AAFD0-4C1E-4376-A39A-B79AA0006A7C}
		{D870BDC9-DC81-44D0-96A0-E73A8566E35B} = {67DBF401-2A0F-4107-BD1C-2A44B34D2614}
	EndGlobalSection
	GlobalSection(ExtensibilityGlobals) = postSolution
		SolutionGuid = {F46D6086-43DD-40E4-BC77-DDC8E24165E9}
	EndGlobalSection
EndGlobal
